
Microsoft Visual Studio Solution File, Format Version 12.00
# Visual Studio 15
VisualStudioVersion = 15.0.27428.2002
MinimumVisualStudioVersion = 10.0.40219.1
Project("{9A19103F-16F7-4668-BE54-9A1E7A4F7556}") = "CourseApp", "CourseApp.csproj", "{55ECE0CC-BA37-4343-B1EE-0C1E984D05A0}"
EndProject
Global
	GlobalSection(SolutionConfigurationPlatforms) = preSolution
		Debug|Any CPU = Debug|Any CPU
		Release|Any CPU = Release|Any CPU
	EndGlobalSection
	GlobalSection(ProjectConfigurationPlatforms) = postSolution
		{55ECE0CC-BA37-4343-B1EE-0C1E984D05A0}.Debug|Any CPU.ActiveCfg = Debug|Any CPU
		{55ECE0CC-BA37-4343-B1EE-0C1E984D05A0}.Debug|Any CPU.Build.0 = Debug|Any CPU
		{55ECE0CC-BA37-4343-B1EE-0C1E984D05A0}.Release|Any CPU.ActiveCfg = Release|Any CPU
		{55ECE0CC-BA37-4343-B1EE-0C1E984D05A0}.Release|Any CPU.Build.0 = Release|Any CPU
	EndGlobalSection
	GlobalSection(SolutionProperties) = preSolution
		HideSolutionNode = FALSE
	EndGlobalSection
	GlobalSection(ExtensibilityGlobals) = postSolution
		SolutionGuid = {FCE92231-A10F-4020-851B-752E265FBE2A}
	EndGlobalSection
EndGlobal
