
Microsoft Visual Studio Solution File, Format Version 12.00
# Visual Studio 15
VisualStudioVersion = 15.0.27428.2002
MinimumVisualStudioVersion = 10.0.40219.1
Project("{9A19103F-16F7-4668-BE54-9A1E7A4F7556}") = "CourseApp", "CourseApp.csproj", "{18302BC1-771B-4CFA-83E4-EFA908E450CC}"
EndProject
Global
	GlobalSection(SolutionConfigurationPlatforms) = preSolution
		Debug|Any CPU = Debug|Any CPU
		Release|Any CPU = Release|Any CPU
	EndGlobalSection
	GlobalSection(ProjectConfigurationPlatforms) = postSolution
		{18302BC1-771B-4CFA-83E4-EFA908E450CC}.Debug|Any CPU.ActiveCfg = Debug|Any CPU
		{18302BC1-771B-4CFA-83E4-EFA908E450CC}.Debug|Any CPU.Build.0 = Debug|Any CPU
		{18302BC1-771B-4CFA-83E4-EFA908E450CC}.Release|Any CPU.ActiveCfg = Release|Any CPU
		{18302BC1-771B-4CFA-83E4-EFA908E450CC}.Release|Any CPU.Build.0 = Release|Any CPU
	EndGlobalSection
	GlobalSection(SolutionProperties) = preSolution
		HideSolutionNode = FALSE
	EndGlobalSection
	GlobalSection(ExtensibilityGlobals) = postSolution
		SolutionGuid = {9D24C4EC-3BDB-478A-85C8-97C11F34B76C}
	EndGlobalSection
EndGlobal
